<?xml version="1.0" encoding="utf-8"?>
<Project ToolsVersion="4.0" xmlns="http://schemas.microsoft.com/developer/msbuild/2003">
  <ItemGroup>
    <Filter Include="Resource Files">
      <UniqueIdentifier>{67DA6AB6-F800-4c08-8B7A-83BB121AAD01}</UniqueIdentifier>
      <Extensions>rc;ico;cur;bmp;dlg;rc2;rct;bin;rgs;gif;jpg;jpeg;jpe;resx;tiff;tif;png;wav;mfcribbon-ms</Extensions>
    </Filter>
    <Filter Include="Communication">
      <UniqueIdentifier>{187e622d-dce2-4e8b-903e-c1942094643f}</UniqueIdentifier>
    </Filter>
    <Filter Include="Threading">
      <UniqueIdentifier>{9ae1cf68-4578-453e-8247-6bbeb8654f64}</UniqueIdentifier>
    </Filter>
    <Filter Include="Common">
      <UniqueIdentifier>{236cf1fa-429c-405b-9f06-b32da6e10259}</UniqueIdentifier>
    </Filter>
  </ItemGroup>
  <ItemGroup>
    <ClInclude Include="stdafx.h" />
    <ClInclude Include="targetver.h" />
    <ClInclude Include="Communication\IpcClient.h">
      <Filter>Communication</Filter>
    </ClInclude>
    <ClInclude Include="Communication\IpcServer.h">
      <Filter>Communication</Filter>
    </ClInclude>
    <ClInclude Include="Threading\Lock.h">
      <Filter>Threading</Filter>
    </ClInclude>
    <ClInclude Include="Threading\Mutex.h">
      <Filter>Threading</Filter>
    </ClInclude>
    <ClInclude Include="Threading\Win32Thread.h">
      <Filter>Threading</Filter>
    </ClInclude>
    <ClInclude Include="Threading\Thread.h" />
    <ClInclude Include="Common\SingletonDynamic.h">
      <Filter>Common</Filter>
    </ClInclude>
    <ClInclude Include="Exports.h" />
    <ClInclude Include=".\AoHookApp.h" />
    <ClInclude Include="Hooks.h" />
    <ClInclude Include="Functions.h" />
  </ItemGroup>
  <ItemGroup>
    <ClCompile Include="dllmain.cpp" />
    <ClCompile Include="stdafx.cpp" />
    <ClCompile Include="Communication\IpcClient.cpp">
      <Filter>Communication</Filter>
    </ClCompile>
    <ClCompile Include="Communication\IpcServer.cpp">
      <Filter>Communication</Filter>
    </ClCompile>
    <ClCompile Include="Threading\Lock.cpp">
      <Filter>Threading</Filter>
    </ClCompile>
    <ClCompile Include="Threading\Mutex.cpp">
      <Filter>Threading</Filter>
    </ClCompile>
    <ClCompile Include="Threading\Win32Thread.cpp">
      <Filter>Threading</Filter>
    </ClCompile>
    <ClCompile Include="Threading\Thread.cpp">
      <Filter>Threading</Filter>
    </ClCompile>
    <ClCompile Include="Exports.cpp" />
    <ClCompile Include=".\AoHookApp.cpp" />
    <ClCompile Include="Hooks.cpp" />
  </ItemGroup>
</Project>