
Microsoft Visual Studio Solution File, Format Version 12.00
# Visual Studio 2012
Project("{8BC9CEB8-8B4A-11D0-8D11-00A0C91BC942}") = "AnarchyHook", "AnarchyHook\AnarchyHook.vcxproj", "{FF44EA80-5101-4550-9F25-DA723EF5C38A}"
EndProject
Project("{FAE04EC0-301F-11D3-BF4B-00C04F79EFBC}") = "SmokeLounge.AOtomation.Hook", "SmokeLounge.AOtomation.Hook\SmokeLounge.AOtomation.Hook.csproj", "{644C7D10-DDD2-4DD5-BF98-ADE288F611BE}"
EndProject
Global
	GlobalSection(SolutionConfigurationPlatforms) = preSolution
		Debug|Any CPU = Debug|Any CPU
		Debug|Mixed Platforms = Debug|Mixed Platforms
		Debug|Win32 = Debug|Win32
		Release|Any CPU = Release|Any CPU
		Release|Mixed Platforms = Release|Mixed Platforms
		Release|Win32 = Release|Win32
	EndGlobalSection
	GlobalSection(ProjectConfigurationPlatforms) = postSolution
		{FF44EA80-5101-4550-9F25-DA723EF5C38A}.Debug|Any CPU.ActiveCfg = Debug|Win32
		{FF44EA80-5101-4550-9F25-DA723EF5C38A}.Debug|Mixed Platforms.ActiveCfg = Debug|Win32
		{FF44EA80-5101-4550-9F25-DA723EF5C38A}.Debug|Mixed Platforms.Build.0 = Debug|Win32
		{FF44EA80-5101-4550-9F25-DA723EF5C38A}.Debug|Win32.ActiveCfg = Debug|Win32
		{FF44EA80-5101-4550-9F25-DA723EF5C38A}.Debug|Win32.Build.0 = Debug|Win32
		{FF44EA80-5101-4550-9F25-DA723EF5C38A}.Release|Any CPU.ActiveCfg = Release|Win32
		{FF44EA80-5101-4550-9F25-DA723EF5C38A}.Release|Mixed Platforms.ActiveCfg = Release|Win32
		{FF44EA80-5101-4550-9F25-DA723EF5C38A}.Release|Mixed Platforms.Build.0 = Release|Win32
		{FF44EA80-5101-4550-9F25-DA723EF5C38A}.Release|Win32.ActiveCfg = Release|Win32
		{FF44EA80-5101-4550-9F25-DA723EF5C38A}.Release|Win32.Build.0 = Release|Win32
		{644C7D10-DDD2-4DD5-BF98-ADE288F611BE}.Debug|Any CPU.ActiveCfg = Debug|Any CPU
		{644C7D10-DDD2-4DD5-BF98-ADE288F611BE}.Debug|Any CPU.Build.0 = Debug|Any CPU
		{644C7D10-DDD2-4DD5-BF98-ADE288F611BE}.Debug|Mixed Platforms.ActiveCfg = Debug|Any CPU
		{644C7D10-DDD2-4DD5-BF98-ADE288F611BE}.Debug|Mixed Platforms.Build.0 = Debug|Any CPU
		{644C7D10-DDD2-4DD5-BF98-ADE288F611BE}.Debug|Win32.ActiveCfg = Debug|Any CPU
		{644C7D10-DDD2-4DD5-BF98-ADE288F611BE}.Release|Any CPU.ActiveCfg = Release|Any CPU
		{644C7D10-DDD2-4DD5-BF98-ADE288F611BE}.Release|Any CPU.Build.0 = Release|Any CPU
		{644C7D10-DDD2-4DD5-BF98-ADE288F611BE}.Release|Mixed Platforms.ActiveCfg = Release|Any CPU
		{644C7D10-DDD2-4DD5-BF98-ADE288F611BE}.Release|Mixed Platforms.Build.0 = Release|Any CPU
		{644C7D10-DDD2-4DD5-BF98-ADE288F611BE}.Release|Win32.ActiveCfg = Release|Any CPU
	EndGlobalSection
	GlobalSection(SolutionProperties) = preSolution
		HideSolutionNode = FALSE
	EndGlobalSection
EndGlobal
